
Microsoft Visual Studio Solution File, Format Version 12.00
# Visual Studio Version 17
VisualStudioVersion = 17.11.35222.181
MinimumVisualStudioVersion = 10.0.40219.1
Project("{8BC9CEB8-8B4A-11D0-8D11-00A0C91BC942}") = "Lab4.4", "Lab4.4.vcxproj", "{31074F1B-D8FE-4CBC-833A-53AE09B8D5DF}"
EndProject
Global
	GlobalSection(SolutionConfigurationPlatforms) = preSolution
		Debug|x64 = Debug|x64
		Debug|x86 = Debug|x86
		Release|x64 = Release|x64
		Release|x86 = Release|x86
	EndGlobalSection
	GlobalSection(ProjectConfigurationPlatforms) = postSolution
		{31074F1B-D8FE-4CBC-833A-53AE09B8D5DF}.Debug|x64.ActiveCfg = Debug|x64
		{31074F1B-D8FE-4CBC-833A-53AE09B8D5DF}.Debug|x64.Build.0 = Debug|x64
		{31074F1B-D8FE-4CBC-833A-53AE09B8D5DF}.Debug|x86.ActiveCfg = Debug|Win32
		{31074F1B-D8FE-4CBC-833A-53AE09B8D5DF}.Debug|x86.Build.0 = Debug|Win32
		{31074F1B-D8FE-4CBC-833A-53AE09B8D5DF}.Release|x64.ActiveCfg = Release|x64
		{31074F1B-D8FE-4CBC-833A-53AE09B8D5DF}.Release|x64.Build.0 = Release|x64
		{31074F1B-D8FE-4CBC-833A-53AE09B8D5DF}.Release|x86.ActiveCfg = Release|Win32
		{31074F1B-D8FE-4CBC-833A-53AE09B8D5DF}.Release|x86.Build.0 = Release|Win32
	EndGlobalSection
	GlobalSection(SolutionProperties) = preSolution
		HideSolutionNode = FALSE
	EndGlobalSection
	GlobalSection(ExtensibilityGlobals) = postSolution
		SolutionGuid = {128529F7-7C0C-4F25-8458-777FEDCAC9CB}
	EndGlobalSection
EndGlobal
